// !$*UTF8*$!
{
	archiveVersion = 1;
	classes = {
	};
	objectVersion = 54;
	objects = {

/* Begin PBXBuildFile section */
		00E356F31AD99517003FC87E /* CobberDriverTests.m in Sources */ = {isa = PBXBuildFile; fileRef = 00E356F21AD99517003FC87E /* CobberDriverTests.m */; };
		0BFEF3F1D9544B7CB148866C /* Inter-Thin.ttf in Resources */ = {isa = PBXBuildFile; fileRef = 228A4A809EE445C5A55EEE30 /* Inter-Thin.ttf */; };
		0C80B921A6F3F58F76C31292 /* libPods-CobberDriver.a in Frameworks */ = {isa = PBXBuildFile; fileRef = 5DCACB8F33CDC322A6C60F78 /* libPods-CobberDriver.a */; };
		0E4CB710DF374E8080D2211F /* Nunito-BoldItalic.ttf in Resources */ = {isa = PBXBuildFile; fileRef = 91E28B42F65647B280237A55 /* Nunito-BoldItalic.ttf */; };
		0E6AED8D78AE46FDBB852D1A /* Sequel-45file1.ttf in Resources */ = {isa = PBXBuildFile; fileRef = 9975334AAF1546F3A5508F8E /* Sequel-45file1.ttf */; };
		0F4E469EAEC848238D4E571F /* Poppins-LightItalic.ttf in Resources */ = {isa = PBXBuildFile; fileRef = 004FAD66CC2F45E58844A999 /* Poppins-LightItalic.ttf */; };
		13B07FBC1A68108700A75B9A /* AppDelegate.mm in Sources */ = {isa = PBXBuildFile; fileRef = 13B07FB01A68108700A75B9A /* AppDelegate.mm */; };
		13B07FBF1A68108700A75B9A /* Images.xcassets in Resources */ = {isa = PBXBuildFile; fileRef = 13B07FB51A68108700A75B9A /* Images.xcassets */; };
		13B07FC11A68108700A75B9A /* main.m in Sources */ = {isa = PBXBuildFile; fileRef = 13B07FB71A68108700A75B9A /* main.m */; };
		21253FC21C314735AAAF491A /* Nunito-Light.ttf in Resources */ = {isa = PBXBuildFile; fileRef = CB08CB63E1FE464388526F21 /* Nunito-Light.ttf */; };
		2C621E500F07437EB24A7C8C /* Nunito-ExtraLight.ttf in Resources */ = {isa = PBXBuildFile; fileRef = 5956B4BBD25C4110888AE9E8 /* Nunito-ExtraLight.ttf */; };
		2D74D12DE97C49AA8E89ACA7 /* Sequel100Wide-55.ttf in Resources */ = {isa = PBXBuildFile; fileRef = 15C155F765EE495FB1691DF0 /* Sequel100Wide-55.ttf */; };
		360BBEFFEFCE4C739CC59BA5 /* Nunito-ExtraBoldItalic.ttf in Resources */ = {isa = PBXBuildFile; fileRef = 8D4F114957844D3A91451F95 /* Nunito-ExtraBoldItalic.ttf */; };
		3A0219DB108B4BED8F934840 /* Nunito-BlackItalic.ttf in Resources */ = {isa = PBXBuildFile; fileRef = EAEE1C06EC504B8A84C36053 /* Nunito-BlackItalic.ttf */; };
		3ED9C5A59CD44938A95346EA /* Inter-Medium.ttf in Resources */ = {isa = PBXBuildFile; fileRef = 5A79AAC117FB4A058360FD67 /* Inter-Medium.ttf */; };
		418F1CB6EDDE4F9195AACE2F /* Poppins-Medium.ttf in Resources */ = {isa = PBXBuildFile; fileRef = 9C2758917E714A6D9FD212D2 /* Poppins-Medium.ttf */; };
		45DA3EDF47A242089B4C6DC3 /* Poppins-Thin.ttf in Resources */ = {isa = PBXBuildFile; fileRef = FCA70A33B792461689123DDD /* Poppins-Thin.ttf */; };
		4BAB0BB3F43B4A5896A50D46 /* Inter-SemiBold.ttf in Resources */ = {isa = PBXBuildFile; fileRef = B4A932BEC32C4BB8B76577EE /* Inter-SemiBold.ttf */; };
		4F8DA9795A3D45F4AA3D39A1 /* Poppins-SemiBoldItalic.ttf in Resources */ = {isa = PBXBuildFile; fileRef = B25C0781A98542B78948FEA0 /* Poppins-SemiBoldItalic.ttf */; };
		51EE981EF87349BAA9A66E63 /* Poppins-ThinItalic.ttf in Resources */ = {isa = PBXBuildFile; fileRef = 4A5543F2CFED4102A8A6F0C1 /* Poppins-ThinItalic.ttf */; };
		54337EB748EF4DF3B507CF74 /* Nunito-Italic.ttf in Resources */ = {isa = PBXBuildFile; fileRef = BF30F899E4294F29B4105DDF /* Nunito-Italic.ttf */; };
		54AD3E347E704501B41223D3 /* Nunito-Regular.ttf in Resources */ = {isa = PBXBuildFile; fileRef = 1A95D9B06B8B457F95EA5791 /* Nunito-Regular.ttf */; };
		6141B57D6CC742C389D1D87B /* Poppins-Regular.ttf in Resources */ = {isa = PBXBuildFile; fileRef = 03A9634C4DBE40A3B3D12F6F /* Poppins-Regular.ttf */; };
		62DF106BAC6544C388A99D82 /* Nunito-Black.ttf in Resources */ = {isa = PBXBuildFile; fileRef = 8F60031B36B84580BD0B17A0 /* Nunito-Black.ttf */; };
		6310CF5906C74CBEB8923ECC /* roboto_thin.ttf in Resources */ = {isa = PBXBuildFile; fileRef = C8914A7BDE0E4506A526539A /* roboto_thin.ttf */; };
		6336D18CC4814596946D2FFB /* Poppins-Light.ttf in Resources */ = {isa = PBXBuildFile; fileRef = FCEA1B71C95A4A9DB8D126C0 /* Poppins-Light.ttf */; };
		68658639A94747A79FDB0A36 /* Poppins-Black.ttf in Resources */ = {isa = PBXBuildFile; fileRef = 6AB6EC7F776E4C78B855A393 /* Poppins-Black.ttf */; };
		6A8938E282744D47965F2EB1 /* Poppins-ExtraBoldItalic.ttf in Resources */ = {isa = PBXBuildFile; fileRef = 9B8A81554A3148B2A40543AB /* Poppins-ExtraBoldItalic.ttf */; };
		759E7A657F154357BF36D6A0 /* Sequel-55file1.ttf in Resources */ = {isa = PBXBuildFile; fileRef = C8FCF9CFF3074F89930A30AC /* Sequel-55file1.ttf */; };
		7699B88040F8A987B510C191 /* libPods-CobberDriver-CobberDriverTests.a in Frameworks */ = {isa = PBXBuildFile; fileRef = 19F6CBCC0A4E27FBF8BF4A61 /* libPods-CobberDriver-CobberDriverTests.a */; };
		78207CB8F9DE406EA925D460 /* Sequel-45file2.ttf in Resources */ = {isa = PBXBuildFile; fileRef = BE9A6FBB079246019BF5DA03 /* Sequel-45file2.ttf */; };
		7B806A7EB3F343BF9510F721 /* Poppins-ExtraBold.ttf in Resources */ = {isa = PBXBuildFile; fileRef = 832AC12337BE47F6B4AA9B8D /* Poppins-ExtraBold.ttf */; };
		7D52AD2EED4C45D8853F9FD1 /* Poppins-BoldItalic.ttf in Resources */ = {isa = PBXBuildFile; fileRef = 358E3EE2E805438A808CCB65 /* Poppins-BoldItalic.ttf */; };
		7DD39AEB00714CDAB614E5AC /* Poppins-ExtraLight.ttf in Resources */ = {isa = PBXBuildFile; fileRef = 57A9761FD676499AB8B5F1DD /* Poppins-ExtraLight.ttf */; };
		80E5B2C09459493CA36990CE /* Sequel100Wide-45.ttf in Resources */ = {isa = PBXBuildFile; fileRef = FFC25FDB376D4424B7FE6926 /* Sequel100Wide-45.ttf */; };
		81AB9BB82411601600AC10FF /* LaunchScreen.storyboard in Resources */ = {isa = PBXBuildFile; fileRef = 81AB9BB72411601600AC10FF /* LaunchScreen.storyboard */; };
		85A2AFC80401452E96BAE16A /* Inter-Bold.ttf in Resources */ = {isa = PBXBuildFile; fileRef = 3C41973579BD4ABE9104BE13 /* Inter-Bold.ttf */; };
		919FEF9D204A461A998A076E /* Inter-ExtraLight.ttf in Resources */ = {isa = PBXBuildFile; fileRef = 37F85D3D7D3E4F5289C704D8 /* Inter-ExtraLight.ttf */; };
		984C9345C62C4F4FB208F3A9 /* Sequel100Wide-65.ttf in Resources */ = {isa = PBXBuildFile; fileRef = EC4EAE036B664302BD0CE8F2 /* Sequel100Wide-65.ttf */; };
		999A3137CEED465DAFCA7524 /* Nunito-SemiBold.ttf in Resources */ = {isa = PBXBuildFile; fileRef = 9E578437DE2945EE89C196AB /* Nunito-SemiBold.ttf */; };
		A4AE657FFF3E4ACC80F25E7F /* Inter-Light.ttf in Resources */ = {isa = PBXBuildFile; fileRef = 30C9E8D2AC1B4D19885A4788 /* Inter-Light.ttf */; };
		A9EA7C5D2D9F489698246F3D /* Nunito-SemiBoldItalic.ttf in Resources */ = {isa = PBXBuildFile; fileRef = A33A0D5A44824D31AA9F8859 /* Nunito-SemiBoldItalic.ttf */; };
		AA7CEBFEAAB149E9B50D6F99 /* Poppins-BlackItalic.ttf in Resources */ = {isa = PBXBuildFile; fileRef = 8FED19882BBD4429B8E262DA /* Poppins-BlackItalic.ttf */; };
		AB27E76DB8A540AC82FEFDB0 /* Poppins-ExtraLightItalic.ttf in Resources */ = {isa = PBXBuildFile; fileRef = B4911D202AE54E879A0EEFF1 /* Poppins-ExtraLightItalic.ttf */; };
		AD7C68C1B49A4B20AC58D176 /* Sequel-65file1.ttf in Resources */ = {isa = PBXBuildFile; fileRef = 7FCEC01DF57246C2BB0FCFD8 /* Sequel-65file1.ttf */; };
		AE865D8825CE4D50B2BEE7CC /* Poppins-MediumItalic.ttf in Resources */ = {isa = PBXBuildFile; fileRef = 106CE3A3A1E74A489BE18380 /* Poppins-MediumItalic.ttf */; };
		B3D58F223C564ADFA352C3D8 /* Poppins-SemiBold.ttf in Resources */ = {isa = PBXBuildFile; fileRef = 4564F56DA275460792DE6E9C /* Poppins-SemiBold.ttf */; };
		BC8CC7DA29144E269C659503 /* Nunito-Bold.ttf in Resources */ = {isa = PBXBuildFile; fileRef = 1DA7D96591DC4CE1B0898F5A /* Nunito-Bold.ttf */; };
		BCD0A029764345328D51998D /* Inter-Regular.ttf in Resources */ = {isa = PBXBuildFile; fileRef = D282C2E44A8F4283A0631831 /* Inter-Regular.ttf */; };
		C62A161259C24B05B488E4C1 /* Poppins-Italic.ttf in Resources */ = {isa = PBXBuildFile; fileRef = F1558B26EA4F4C869A9A0F9D /* Poppins-Italic.ttf */; };
		CE31510DC9164FFD9B9ABD04 /* Nunito-ExtraLightItalic.ttf in Resources */ = {isa = PBXBuildFile; fileRef = DC2F9E4545474A04A0D240D2 /* Nunito-ExtraLightItalic.ttf */; };
		CEC357D784F343178112B433 /* Inter-Black.ttf in Resources */ = {isa = PBXBuildFile; fileRef = D7C4F7E37D904CBAB29A18C4 /* Inter-Black.ttf */; };
		D26E8C71FDDD4803BE6F3CC2 /* Nunito-LightItalic.ttf in Resources */ = {isa = PBXBuildFile; fileRef = 1B04C4503E6C46D2A087D8CE /* Nunito-LightItalic.ttf */; };
		D3380D0D51324AB0BCB9555C /* Nunito-ExtraBold.ttf in Resources */ = {isa = PBXBuildFile; fileRef = 5736F2FE8B85471E86E4BF9C /* Nunito-ExtraBold.ttf */; };
		D57CB53C66294F09A792F980 /* Poppins-Bold.ttf in Resources */ = {isa = PBXBuildFile; fileRef = AC330371DD0B42F9B39885DA /* Poppins-Bold.ttf */; };
		D762B9107E2B4F18A20727F3 /* Nunito-MediumItalic.ttf in Resources */ = {isa = PBXBuildFile; fileRef = 8CDE5068AD0A4CD3998A1A8C /* Nunito-MediumItalic.ttf */; };
		DB6BD270EFBC4EFCAAF33B27 /* Nunito-Medium.ttf in Resources */ = {isa = PBXBuildFile; fileRef = 1FDEF009EDCF48B8A74FC205 /* Nunito-Medium.ttf */; };
		E0E345A7790641E6921E8DEF /* Sequel-65file2.ttf in Resources */ = {isa = PBXBuildFile; fileRef = EC7BF6211DAC46C695879625 /* Sequel-65file2.ttf */; };
		E5ADA7D0F5584F58B1BF92DC /* Sequel-55file2.ttf in Resources */ = {isa = PBXBuildFile; fileRef = F843933374B947F19E19270A /* Sequel-55file2.ttf */; };
		F64F04C09FF94F7690F5D956 /* Inter-ExtraBold.ttf in Resources */ = {isa = PBXBuildFile; fileRef = 66D2D7E664DB41DB9BF79CFF /* Inter-ExtraBold.ttf */; };
		FA08A0AE291C2EFE000CEA81 /* Settings.bundle in Resources */ = {isa = PBXBuildFile; fileRef = FA08A0AD291C2EFE000CEA81 /* Settings.bundle */; };
/* End PBXBuildFile section */

/* Begin PBXContainerItemProxy section */
		00E356F41AD99517003FC87E /* PBXContainerItemProxy */ = {
			isa = PBXContainerItemProxy;
			containerPortal = 83CBB9F71A601CBA00E9B192 /* Project object */;
			proxyType = 1;
			remoteGlobalIDString = 13B07F861A680F5B00A75B9A;
			remoteInfo = CobberDriver;
		};
/* End PBXContainerItemProxy section */

/* Begin PBXFileReference section */
		004FAD66CC2F45E58844A999 /* Poppins-LightItalic.ttf */ = {isa = PBXFileReference; explicitFileType = undefined; fileEncoding = 9; includeInIndex = 0; lastKnownFileType = unknown; name = "Poppins-LightItalic.ttf"; path = "../src/assets/fonts/Poppins-LightItalic.ttf"; sourceTree = "<group>"; };
		00E356EE1AD99517003FC87E /* CobberDriverTests.xctest */ = {isa = PBXFileReference; explicitFileType = wrapper.cfbundle; includeInIndex = 0; path = CobberDriverTests.xctest; sourceTree = BUILT_PRODUCTS_DIR; };
		00E356F11AD99517003FC87E /* Info.plist */ = {isa = PBXFileReference; lastKnownFileType = text.plist.xml; path = Info.plist; sourceTree = "<group>"; };
		00E356F21AD99517003FC87E /* CobberDriverTests.m */ = {isa = PBXFileReference; lastKnownFileType = sourcecode.c.objc; path = CobberDriverTests.m; sourceTree = "<group>"; };
		03A9634C4DBE40A3B3D12F6F /* Poppins-Regular.ttf */ = {isa = PBXFileReference; explicitFileType = undefined; fileEncoding = 9; includeInIndex = 0; lastKnownFileType = unknown; name = "Poppins-Regular.ttf"; path = "../src/assets/fonts/Poppins-Regular.ttf"; sourceTree = "<group>"; };
		0F2EEEDC692048B5B697B91C /* Fontisto.ttf */ = {isa = PBXFileReference; explicitFileType = undefined; fileEncoding = 9; includeInIndex = 0; lastKnownFileType = unknown; name = Fontisto.ttf; path = "../node_modules/native-base/Fonts/Fontisto.ttf"; sourceTree = "<group>"; };
		106CE3A3A1E74A489BE18380 /* Poppins-MediumItalic.ttf */ = {isa = PBXFileReference; explicitFileType = undefined; fileEncoding = 9; includeInIndex = 0; lastKnownFileType = unknown; name = "Poppins-MediumItalic.ttf"; path = "../src/assets/fonts/Poppins-MediumItalic.ttf"; sourceTree = "<group>"; };
		13B07F961A680F5B00A75B9A /* CobberDriver.app */ = {isa = PBXFileReference; explicitFileType = wrapper.application; includeInIndex = 0; path = CobberDriver.app; sourceTree = BUILT_PRODUCTS_DIR; };
		13B07FAF1A68108700A75B9A /* AppDelegate.h */ = {isa = PBXFileReference; fileEncoding = 4; lastKnownFileType = sourcecode.c.h; name = AppDelegate.h; path = CobberDriver/AppDelegate.h; sourceTree = "<group>"; };
		13B07FB01A68108700A75B9A /* AppDelegate.mm */ = {isa = PBXFileReference; fileEncoding = 4; lastKnownFileType = sourcecode.cpp.objcpp; name = AppDelegate.mm; path = CobberDriver/AppDelegate.mm; sourceTree = "<group>"; };
		13B07FB51A68108700A75B9A /* Images.xcassets */ = {isa = PBXFileReference; lastKnownFileType = folder.assetcatalog; name = Images.xcassets; path = CobberDriver/Images.xcassets; sourceTree = "<group>"; };
		13B07FB61A68108700A75B9A /* Info.plist */ = {isa = PBXFileReference; fileEncoding = 4; lastKnownFileType = text.plist.xml; name = Info.plist; path = CobberDriver/Info.plist; sourceTree = "<group>"; };
		13B07FB71A68108700A75B9A /* main.m */ = {isa = PBXFileReference; fileEncoding = 4; lastKnownFileType = sourcecode.c.objc; name = main.m; path = CobberDriver/main.m; sourceTree = "<group>"; };
		15BE72B698FF4922AE62EE9D /* FontAwesome5_Regular.ttf */ = {isa = PBXFileReference; explicitFileType = undefined; fileEncoding = 9; includeInIndex = 0; lastKnownFileType = unknown; name = FontAwesome5_Regular.ttf; path = "../node_modules/native-base/Fonts/FontAwesome5_Regular.ttf"; sourceTree = "<group>"; };
		15C155F765EE495FB1691DF0 /* Sequel100Wide-55.ttf */ = {isa = PBXFileReference; explicitFileType = undefined; fileEncoding = 9; includeInIndex = 0; lastKnownFileType = unknown; name = "Sequel100Wide-55.ttf"; path = "../src/assets/fonts/Sequel100Wide-55.ttf"; sourceTree = "<group>"; };
		19F6CBCC0A4E27FBF8BF4A61 /* libPods-CobberDriver-CobberDriverTests.a */ = {isa = PBXFileReference; explicitFileType = archive.ar; includeInIndex = 0; path = "libPods-CobberDriver-CobberDriverTests.a"; sourceTree = BUILT_PRODUCTS_DIR; };
		1A95D9B06B8B457F95EA5791 /* Nunito-Regular.ttf */ = {isa = PBXFileReference; explicitFileType = undefined; fileEncoding = 9; includeInIndex = 0; lastKnownFileType = unknown; name = "Nunito-Regular.ttf"; path = "../src/assets/fonts/Nunito-Regular.ttf"; sourceTree = "<group>"; };
		1B04C4503E6C46D2A087D8CE /* Nunito-LightItalic.ttf */ = {isa = PBXFileReference; explicitFileType = undefined; fileEncoding = 9; includeInIndex = 0; lastKnownFileType = unknown; name = "Nunito-LightItalic.ttf"; path = "../src/assets/fonts/Nunito-LightItalic.ttf"; sourceTree = "<group>"; };
		1DA7D96591DC4CE1B0898F5A /* Nunito-Bold.ttf */ = {isa = PBXFileReference; explicitFileType = undefined; fileEncoding = 9; includeInIndex = 0; lastKnownFileType = unknown; name = "Nunito-Bold.ttf"; path = "../src/assets/fonts/Nunito-Bold.ttf"; sourceTree = "<group>"; };
		1FDEF009EDCF48B8A74FC205 /* Nunito-Medium.ttf */ = {isa = PBXFileReference; explicitFileType = undefined; fileEncoding = 9; includeInIndex = 0; lastKnownFileType = unknown; name = "Nunito-Medium.ttf"; path = "../src/assets/fonts/Nunito-Medium.ttf"; sourceTree = "<group>"; };
		228A4A809EE445C5A55EEE30 /* Inter-Thin.ttf */ = {isa = PBXFileReference; explicitFileType = undefined; fileEncoding = 9; includeInIndex = 0; lastKnownFileType = unknown; name = "Inter-Thin.ttf"; path = "../src/assets/fonts/Inter-Thin.ttf"; sourceTree = "<group>"; };
		2384540B8A304455A15B9549 /* MaterialCommunityIcons.ttf */ = {isa = PBXFileReference; explicitFileType = undefined; fileEncoding = 9; includeInIndex = 0; lastKnownFileType = unknown; name = MaterialCommunityIcons.ttf; path = "../node_modules/native-base/Fonts/MaterialCommunityIcons.ttf"; sourceTree = "<group>"; };
		24453FEA063C471087400A96 /* SimpleLineIcons.ttf */ = {isa = PBXFileReference; explicitFileType = undefined; fileEncoding = 9; includeInIndex = 0; lastKnownFileType = unknown; name = SimpleLineIcons.ttf; path = "../node_modules/native-base/Fonts/SimpleLineIcons.ttf"; sourceTree = "<group>"; };
		2ACD6FF4E6674013ACAD56C1 /* FontAwesome5_Brands.ttf */ = {isa = PBXFileReference; explicitFileType = undefined; fileEncoding = 9; includeInIndex = 0; lastKnownFileType = unknown; name = FontAwesome5_Brands.ttf; path = "../node_modules/native-base/Fonts/FontAwesome5_Brands.ttf"; sourceTree = "<group>"; };
		3008ED97E459448498C830C4 /* Roboto_medium.ttf */ = {isa = PBXFileReference; explicitFileType = undefined; fileEncoding = 9; includeInIndex = 0; lastKnownFileType = unknown; name = Roboto_medium.ttf; path = "../node_modules/native-base/Fonts/Roboto_medium.ttf"; sourceTree = "<group>"; };
		30C9E8D2AC1B4D19885A4788 /* Inter-Light.ttf */ = {isa = PBXFileReference; explicitFileType = undefined; fileEncoding = 9; includeInIndex = 0; lastKnownFileType = unknown; name = "Inter-Light.ttf"; path = "../src/assets/fonts/Inter-Light.ttf"; sourceTree = "<group>"; };
		336669F9220B4A5BAD41CA9D /* Entypo.ttf */ = {isa = PBXFileReference; explicitFileType = undefined; fileEncoding = 9; includeInIndex = 0; lastKnownFileType = unknown; name = Entypo.ttf; path = "../node_modules/native-base/Fonts/Entypo.ttf"; sourceTree = "<group>"; };
		358E3EE2E805438A808CCB65 /* Poppins-BoldItalic.ttf */ = {isa = PBXFileReference; explicitFileType = undefined; fileEncoding = 9; includeInIndex = 0; lastKnownFileType = unknown; name = "Poppins-BoldItalic.ttf"; path = "../src/assets/fonts/Poppins-BoldItalic.ttf"; sourceTree = "<group>"; };
		37F85D3D7D3E4F5289C704D8 /* Inter-ExtraLight.ttf */ = {isa = PBXFileReference; explicitFileType = undefined; fileEncoding = 9; includeInIndex = 0; lastKnownFileType = unknown; name = "Inter-ExtraLight.ttf"; path = "../src/assets/fonts/Inter-ExtraLight.ttf"; sourceTree = "<group>"; };
		3B4392A12AC88292D35C810B /* Pods-CobberDriver.debug.xcconfig */ = {isa = PBXFileReference; includeInIndex = 1; lastKnownFileType = text.xcconfig; name = "Pods-CobberDriver.debug.xcconfig"; path = "Target Support Files/Pods-CobberDriver/Pods-CobberDriver.debug.xcconfig"; sourceTree = "<group>"; };
		3C41973579BD4ABE9104BE13 /* Inter-Bold.ttf */ = {isa = PBXFileReference; explicitFileType = undefined; fileEncoding = 9; includeInIndex = 0; lastKnownFileType = unknown; name = "Inter-Bold.ttf"; path = "../src/assets/fonts/Inter-Bold.ttf"; sourceTree = "<group>"; };
		4564F56DA275460792DE6E9C /* Poppins-SemiBold.ttf */ = {isa = PBXFileReference; explicitFileType = undefined; fileEncoding = 9; includeInIndex = 0; lastKnownFileType = unknown; name = "Poppins-SemiBold.ttf"; path = "../src/assets/fonts/Poppins-SemiBold.ttf"; sourceTree = "<group>"; };
		4A5543F2CFED4102A8A6F0C1 /* Poppins-ThinItalic.ttf */ = {isa = PBXFileReference; explicitFileType = undefined; fileEncoding = 9; includeInIndex = 0; lastKnownFileType = unknown; name = "Poppins-ThinItalic.ttf"; path = "../src/assets/fonts/Poppins-ThinItalic.ttf"; sourceTree = "<group>"; };
		5709B34CF0A7D63546082F79 /* Pods-CobberDriver.release.xcconfig */ = {isa = PBXFileReference; includeInIndex = 1; lastKnownFileType = text.xcconfig; name = "Pods-CobberDriver.release.xcconfig"; path = "Target Support Files/Pods-CobberDriver/Pods-CobberDriver.release.xcconfig"; sourceTree = "<group>"; };
		5736F2FE8B85471E86E4BF9C /* Nunito-ExtraBold.ttf */ = {isa = PBXFileReference; explicitFileType = undefined; fileEncoding = 9; includeInIndex = 0; lastKnownFileType = unknown; name = "Nunito-ExtraBold.ttf"; path = "../src/assets/fonts/Nunito-ExtraBold.ttf"; sourceTree = "<group>"; };
		57A9761FD676499AB8B5F1DD /* Poppins-ExtraLight.ttf */ = {isa = PBXFileReference; explicitFileType = undefined; fileEncoding = 9; includeInIndex = 0; lastKnownFileType = unknown; name = "Poppins-ExtraLight.ttf"; path = "../src/assets/fonts/Poppins-ExtraLight.ttf"; sourceTree = "<group>"; };
		5956B4BBD25C4110888AE9E8 /* Nunito-ExtraLight.ttf */ = {isa = PBXFileReference; explicitFileType = undefined; fileEncoding = 9; includeInIndex = 0; lastKnownFileType = unknown; name = "Nunito-ExtraLight.ttf"; path = "../src/assets/fonts/Nunito-ExtraLight.ttf"; sourceTree = "<group>"; };
		5A79AAC117FB4A058360FD67 /* Inter-Medium.ttf */ = {isa = PBXFileReference; explicitFileType = undefined; fileEncoding = 9; includeInIndex = 0; lastKnownFileType = unknown; name = "Inter-Medium.ttf"; path = "../src/assets/fonts/Inter-Medium.ttf"; sourceTree = "<group>"; };
		5B7EB9410499542E8C5724F5 /* Pods-CobberDriver-CobberDriverTests.debug.xcconfig */ = {isa = PBXFileReference; includeInIndex = 1; lastKnownFileType = text.xcconfig; name = "Pods-CobberDriver-CobberDriverTests.debug.xcconfig"; path = "Target Support Files/Pods-CobberDriver-CobberDriverTests/Pods-CobberDriver-CobberDriverTests.debug.xcconfig"; sourceTree = "<group>"; };
		5B941404D32247AA8B8A2AFF /* AntDesign.ttf */ = {isa = PBXFileReference; explicitFileType = undefined; fileEncoding = 9; includeInIndex = 0; lastKnownFileType = unknown; name = AntDesign.ttf; path = "../node_modules/native-base/Fonts/AntDesign.ttf"; sourceTree = "<group>"; };
		5DCACB8F33CDC322A6C60F78 /* libPods-CobberDriver.a */ = {isa = PBXFileReference; explicitFileType = archive.ar; includeInIndex = 0; path = "libPods-CobberDriver.a"; sourceTree = BUILT_PRODUCTS_DIR; };
		66D2D7E664DB41DB9BF79CFF /* Inter-ExtraBold.ttf */ = {isa = PBXFileReference; explicitFileType = undefined; fileEncoding = 9; includeInIndex = 0; lastKnownFileType = unknown; name = "Inter-ExtraBold.ttf"; path = "../src/assets/fonts/Inter-ExtraBold.ttf"; sourceTree = "<group>"; };
		69FF34190ED545708D365F0A /* rubicon-icon-font.ttf */ = {isa = PBXFileReference; explicitFileType = undefined; fileEncoding = 9; includeInIndex = 0; lastKnownFileType = unknown; name = "rubicon-icon-font.ttf"; path = "../node_modules/native-base/Fonts/rubicon-icon-font.ttf"; sourceTree = "<group>"; };
		6AB6EC7F776E4C78B855A393 /* Poppins-Black.ttf */ = {isa = PBXFileReference; explicitFileType = undefined; fileEncoding = 9; includeInIndex = 0; lastKnownFileType = unknown; name = "Poppins-Black.ttf"; path = "../src/assets/fonts/Poppins-Black.ttf"; sourceTree = "<group>"; };
		76AEA65C18F74550824CFABB /* Octicons.ttf */ = {isa = PBXFileReference; explicitFileType = undefined; fileEncoding = 9; includeInIndex = 0; lastKnownFileType = unknown; name = Octicons.ttf; path = "../node_modules/native-base/Fonts/Octicons.ttf"; sourceTree = "<group>"; };
		7FCEC01DF57246C2BB0FCFD8 /* Sequel-65file1.ttf */ = {isa = PBXFileReference; explicitFileType = undefined; fileEncoding = 9; includeInIndex = 0; lastKnownFileType = unknown; name = "Sequel-65file1.ttf"; path = "../src/assets/fonts/Sequel-65file1.ttf"; sourceTree = "<group>"; };
		81AB9BB72411601600AC10FF /* LaunchScreen.storyboard */ = {isa = PBXFileReference; fileEncoding = 4; lastKnownFileType = file.storyboard; name = LaunchScreen.storyboard; path = CobberDriver/LaunchScreen.storyboard; sourceTree = "<group>"; };
		832AC12337BE47F6B4AA9B8D /* Poppins-ExtraBold.ttf */ = {isa = PBXFileReference; explicitFileType = undefined; fileEncoding = 9; includeInIndex = 0; lastKnownFileType = unknown; name = "Poppins-ExtraBold.ttf"; path = "../src/assets/fonts/Poppins-ExtraBold.ttf"; sourceTree = "<group>"; };
		8552707615DD4E2091BCED91 /* Zocial.ttf */ = {isa = PBXFileReference; explicitFileType = undefined; fileEncoding = 9; includeInIndex = 0; lastKnownFileType = unknown; name = Zocial.ttf; path = "../node_modules/native-base/Fonts/Zocial.ttf"; sourceTree = "<group>"; };
		89C6BE57DB24E9ADA2F236DE /* Pods-CobberDriver-CobberDriverTests.release.xcconfig */ = {isa = PBXFileReference; includeInIndex = 1; lastKnownFileType = text.xcconfig; name = "Pods-CobberDriver-CobberDriverTests.release.xcconfig"; path = "Target Support Files/Pods-CobberDriver-CobberDriverTests/Pods-CobberDriver-CobberDriverTests.release.xcconfig"; sourceTree = "<group>"; };
		8BEA6BFDEFE246F5B0D41918 /* Ionicons.ttf */ = {isa = PBXFileReference; explicitFileType = undefined; fileEncoding = 9; includeInIndex = 0; lastKnownFileType = unknown; name = Ionicons.ttf; path = "../node_modules/native-base/Fonts/Ionicons.ttf"; sourceTree = "<group>"; };
		8CDE5068AD0A4CD3998A1A8C /* Nunito-MediumItalic.ttf */ = {isa = PBXFileReference; explicitFileType = undefined; fileEncoding = 9; includeInIndex = 0; lastKnownFileType = unknown; name = "Nunito-MediumItalic.ttf"; path = "../src/assets/fonts/Nunito-MediumItalic.ttf"; sourceTree = "<group>"; };
		8D4F114957844D3A91451F95 /* Nunito-ExtraBoldItalic.ttf */ = {isa = PBXFileReference; explicitFileType = undefined; fileEncoding = 9; includeInIndex = 0; lastKnownFileType = unknown; name = "Nunito-ExtraBoldItalic.ttf"; path = "../src/assets/fonts/Nunito-ExtraBoldItalic.ttf"; sourceTree = "<group>"; };
		8F60031B36B84580BD0B17A0 /* Nunito-Black.ttf */ = {isa = PBXFileReference; explicitFileType = undefined; fileEncoding = 9; includeInIndex = 0; lastKnownFileType = unknown; name = "Nunito-Black.ttf"; path = "../src/assets/fonts/Nunito-Black.ttf"; sourceTree = "<group>"; };
		8FED19882BBD4429B8E262DA /* Poppins-BlackItalic.ttf */ = {isa = PBXFileReference; explicitFileType = undefined; fileEncoding = 9; includeInIndex = 0; lastKnownFileType = unknown; name = "Poppins-BlackItalic.ttf"; path = "../src/assets/fonts/Poppins-BlackItalic.ttf"; sourceTree = "<group>"; };
		91E28B42F65647B280237A55 /* Nunito-BoldItalic.ttf */ = {isa = PBXFileReference; explicitFileType = undefined; fileEncoding = 9; includeInIndex = 0; lastKnownFileType = unknown; name = "Nunito-BoldItalic.ttf"; path = "../src/assets/fonts/Nunito-BoldItalic.ttf"; sourceTree = "<group>"; };
		971E535AC63C43A98C1D76F4 /* FontAwesome.ttf */ = {isa = PBXFileReference; explicitFileType = undefined; fileEncoding = 9; includeInIndex = 0; lastKnownFileType = unknown; name = FontAwesome.ttf; path = "../node_modules/native-base/Fonts/FontAwesome.ttf"; sourceTree = "<group>"; };
		9975334AAF1546F3A5508F8E /* Sequel-45file1.ttf */ = {isa = PBXFileReference; explicitFileType = undefined; fileEncoding = 9; includeInIndex = 0; lastKnownFileType = unknown; name = "Sequel-45file1.ttf"; path = "../src/assets/fonts/Sequel-45file1.ttf"; sourceTree = "<group>"; };
		99C761BF18274FE18B254D3A /* EvilIcons.ttf */ = {isa = PBXFileReference; explicitFileType = undefined; fileEncoding = 9; includeInIndex = 0; lastKnownFileType = unknown; name = EvilIcons.ttf; path = "../node_modules/native-base/Fonts/EvilIcons.ttf"; sourceTree = "<group>"; };
		9B8A81554A3148B2A40543AB /* Poppins-ExtraBoldItalic.ttf */ = {isa = PBXFileReference; explicitFileType = undefined; fileEncoding = 9; includeInIndex = 0; lastKnownFileType = unknown; name = "Poppins-ExtraBoldItalic.ttf"; path = "../src/assets/fonts/Poppins-ExtraBoldItalic.ttf"; sourceTree = "<group>"; };
		9C2758917E714A6D9FD212D2 /* Poppins-Medium.ttf */ = {isa = PBXFileReference; explicitFileType = undefined; fileEncoding = 9; includeInIndex = 0; lastKnownFileType = unknown; name = "Poppins-Medium.ttf"; path = "../src/assets/fonts/Poppins-Medium.ttf"; sourceTree = "<group>"; };
		9E578437DE2945EE89C196AB /* Nunito-SemiBold.ttf */ = {isa = PBXFileReference; explicitFileType = undefined; fileEncoding = 9; includeInIndex = 0; lastKnownFileType = unknown; name = "Nunito-SemiBold.ttf"; path = "../src/assets/fonts/Nunito-SemiBold.ttf"; sourceTree = "<group>"; };
		9FFB854D27334856B1E4FF7C /* MaterialIcons.ttf */ = {isa = PBXFileReference; explicitFileType = undefined; fileEncoding = 9; includeInIndex = 0; lastKnownFileType = unknown; name = MaterialIcons.ttf; path = "../node_modules/native-base/Fonts/MaterialIcons.ttf"; sourceTree = "<group>"; };
		A0C0B7000DAC468F839AD24F /* FontAwesome5_Solid.ttf */ = {isa = PBXFileReference; explicitFileType = undefined; fileEncoding = 9; includeInIndex = 0; lastKnownFileType = unknown; name = FontAwesome5_Solid.ttf; path = "../node_modules/native-base/Fonts/FontAwesome5_Solid.ttf"; sourceTree = "<group>"; };
		A33A0D5A44824D31AA9F8859 /* Nunito-SemiBoldItalic.ttf */ = {isa = PBXFileReference; explicitFileType = undefined; fileEncoding = 9; includeInIndex = 0; lastKnownFileType = unknown; name = "Nunito-SemiBoldItalic.ttf"; path = "../src/assets/fonts/Nunito-SemiBoldItalic.ttf"; sourceTree = "<group>"; };
		AC330371DD0B42F9B39885DA /* Poppins-Bold.ttf */ = {isa = PBXFileReference; explicitFileType = undefined; fileEncoding = 9; includeInIndex = 0; lastKnownFileType = unknown; name = "Poppins-Bold.ttf"; path = "../src/assets/fonts/Poppins-Bold.ttf"; sourceTree = "<group>"; };
		B25C0781A98542B78948FEA0 /* Poppins-SemiBoldItalic.ttf */ = {isa = PBXFileReference; explicitFileType = undefined; fileEncoding = 9; includeInIndex = 0; lastKnownFileType = unknown; name = "Poppins-SemiBoldItalic.ttf"; path = "../src/assets/fonts/Poppins-SemiBoldItalic.ttf"; sourceTree = "<group>"; };
		B4911D202AE54E879A0EEFF1 /* Poppins-ExtraLightItalic.ttf */ = {isa = PBXFileReference; explicitFileType = undefined; fileEncoding = 9; includeInIndex = 0; lastKnownFileType = unknown; name = "Poppins-ExtraLightItalic.ttf"; path = "../src/assets/fonts/Poppins-ExtraLightItalic.ttf"; sourceTree = "<group>"; };
		B4A932BEC32C4BB8B76577EE /* Inter-SemiBold.ttf */ = {isa = PBXFileReference; explicitFileType = undefined; fileEncoding = 9; includeInIndex = 0; lastKnownFileType = unknown; name = "Inter-SemiBold.ttf"; path = "../src/assets/fonts/Inter-SemiBold.ttf"; sourceTree = "<group>"; };
		BE9A6FBB079246019BF5DA03 /* Sequel-45file2.ttf */ = {isa = PBXFileReference; explicitFileType = undefined; fileEncoding = 9; includeInIndex = 0; lastKnownFileType = unknown; name = "Sequel-45file2.ttf"; path = "../src/assets/fonts/Sequel-45file2.ttf"; sourceTree = "<group>"; };
		BF30F899E4294F29B4105DDF /* Nunito-Italic.ttf */ = {isa = PBXFileReference; explicitFileType = undefined; fileEncoding = 9; includeInIndex = 0; lastKnownFileType = unknown; name = "Nunito-Italic.ttf"; path = "../src/assets/fonts/Nunito-Italic.ttf"; sourceTree = "<group>"; };
		C8914A7BDE0E4506A526539A /* roboto_thin.ttf */ = {isa = PBXFileReference; explicitFileType = undefined; fileEncoding = 9; includeInIndex = 0; lastKnownFileType = unknown; name = roboto_thin.ttf; path = ../src/assets/fonts/roboto_thin.ttf; sourceTree = "<group>"; };
		C8FCF9CFF3074F89930A30AC /* Sequel-55file1.ttf */ = {isa = PBXFileReference; explicitFileType = undefined; fileEncoding = 9; includeInIndex = 0; lastKnownFileType = unknown; name = "Sequel-55file1.ttf"; path = "../src/assets/fonts/Sequel-55file1.ttf"; sourceTree = "<group>"; };
		CB08CB63E1FE464388526F21 /* Nunito-Light.ttf */ = {isa = PBXFileReference; explicitFileType = undefined; fileEncoding = 9; includeInIndex = 0; lastKnownFileType = unknown; name = "Nunito-Light.ttf"; path = "../src/assets/fonts/Nunito-Light.ttf"; sourceTree = "<group>"; };
		D282C2E44A8F4283A0631831 /* Inter-Regular.ttf */ = {isa = PBXFileReference; explicitFileType = undefined; fileEncoding = 9; includeInIndex = 0; lastKnownFileType = unknown; name = "Inter-Regular.ttf"; path = "../src/assets/fonts/Inter-Regular.ttf"; sourceTree = "<group>"; };
		D7C4F7E37D904CBAB29A18C4 /* Inter-Black.ttf */ = {isa = PBXFileReference; explicitFileType = undefined; fileEncoding = 9; includeInIndex = 0; lastKnownFileType = unknown; name = "Inter-Black.ttf"; path = "../src/assets/fonts/Inter-Black.ttf"; sourceTree = "<group>"; };
		DC2F9E4545474A04A0D240D2 /* Nunito-ExtraLightItalic.ttf */ = {isa = PBXFileReference; explicitFileType = undefined; fileEncoding = 9; includeInIndex = 0; lastKnownFileType = unknown; name = "Nunito-ExtraLightItalic.ttf"; path = "../src/assets/fonts/Nunito-ExtraLightItalic.ttf"; sourceTree = "<group>"; };
		DDDC0ADC823C42258CA5CA42 /* Feather.ttf */ = {isa = PBXFileReference; explicitFileType = undefined; fileEncoding = 9; includeInIndex = 0; lastKnownFileType = unknown; name = Feather.ttf; path = "../node_modules/native-base/Fonts/Feather.ttf"; sourceTree = "<group>"; };
		EAEE1C06EC504B8A84C36053 /* Nunito-BlackItalic.ttf */ = {isa = PBXFileReference; explicitFileType = undefined; fileEncoding = 9; includeInIndex = 0; lastKnownFileType = unknown; name = "Nunito-BlackItalic.ttf"; path = "../src/assets/fonts/Nunito-BlackItalic.ttf"; sourceTree = "<group>"; };
		EC4EAE036B664302BD0CE8F2 /* Sequel100Wide-65.ttf */ = {isa = PBXFileReference; explicitFileType = undefined; fileEncoding = 9; includeInIndex = 0; lastKnownFileType = unknown; name = "Sequel100Wide-65.ttf"; path = "../src/assets/fonts/Sequel100Wide-65.ttf"; sourceTree = "<group>"; };
		EC7BF6211DAC46C695879625 /* Sequel-65file2.ttf */ = {isa = PBXFileReference; explicitFileType = undefined; fileEncoding = 9; includeInIndex = 0; lastKnownFileType = unknown; name = "Sequel-65file2.ttf"; path = "../src/assets/fonts/Sequel-65file2.ttf"; sourceTree = "<group>"; };
		ED297162215061F000B7C4FE /* JavaScriptCore.framework */ = {isa = PBXFileReference; lastKnownFileType = wrapper.framework; name = JavaScriptCore.framework; path = System/Library/Frameworks/JavaScriptCore.framework; sourceTree = SDKROOT; };
		ED9A812D274148799A0EBA36 /* Foundation.ttf */ = {isa = PBXFileReference; explicitFileType = undefined; fileEncoding = 9; includeInIndex = 0; lastKnownFileType = unknown; name = Foundation.ttf; path = "../node_modules/native-base/Fonts/Foundation.ttf"; sourceTree = "<group>"; };
		F1558B26EA4F4C869A9A0F9D /* Poppins-Italic.ttf */ = {isa = PBXFileReference; explicitFileType = undefined; fileEncoding = 9; includeInIndex = 0; lastKnownFileType = unknown; name = "Poppins-Italic.ttf"; path = "../src/assets/fonts/Poppins-Italic.ttf"; sourceTree = "<group>"; };
		F570378121594E23912210AA /* Roboto.ttf */ = {isa = PBXFileReference; explicitFileType = undefined; fileEncoding = 9; includeInIndex = 0; lastKnownFileType = unknown; name = Roboto.ttf; path = "../node_modules/native-base/Fonts/Roboto.ttf"; sourceTree = "<group>"; };
		F843933374B947F19E19270A /* Sequel-55file2.ttf */ = {isa = PBXFileReference; explicitFileType = undefined; fileEncoding = 9; includeInIndex = 0; lastKnownFileType = unknown; name = "Sequel-55file2.ttf"; path = "../src/assets/fonts/Sequel-55file2.ttf"; sourceTree = "<group>"; };
		FA08A0AD291C2EFE000CEA81 /* Settings.bundle */ = {isa = PBXFileReference; lastKnownFileType = "wrapper.plug-in"; path = Settings.bundle; sourceTree = "<group>"; };
		FCA70A33B792461689123DDD /* Poppins-Thin.ttf */ = {isa = PBXFileReference; explicitFileType = undefined; fileEncoding = 9; includeInIndex = 0; lastKnownFileType = unknown; name = "Poppins-Thin.ttf"; path = "../src/assets/fonts/Poppins-Thin.ttf"; sourceTree = "<group>"; };
		FCEA1B71C95A4A9DB8D126C0 /* Poppins-Light.ttf */ = {isa = PBXFileReference; explicitFileType = undefined; fileEncoding = 9; includeInIndex = 0; lastKnownFileType = unknown; name = "Poppins-Light.ttf"; path = "../src/assets/fonts/Poppins-Light.ttf"; sourceTree = "<group>"; };
		FFC25FDB376D4424B7FE6926 /* Sequel100Wide-45.ttf */ = {isa = PBXFileReference; explicitFileType = undefined; fileEncoding = 9; includeInIndex = 0; lastKnownFileType = unknown; name = "Sequel100Wide-45.ttf"; path = "../src/assets/fonts/Sequel100Wide-45.ttf"; sourceTree = "<group>"; };
/* End PBXFileReference section */

/* Begin PBXFrameworksBuildPhase section */
		00E356EB1AD99517003FC87E /* Frameworks */ = {
			isa = PBXFrameworksBuildPhase;
			buildActionMask = 2147483647;
			files = (
				7699B88040F8A987B510C191 /* libPods-CobberDriver-CobberDriverTests.a in Frameworks */,
			);
			runOnlyForDeploymentPostprocessing = 0;
		};
		13B07F8C1A680F5B00A75B9A /* Frameworks */ = {
			isa = PBXFrameworksBuildPhase;
			buildActionMask = 2147483647;
			files = (
				0C80B921A6F3F58F76C31292 /* libPods-CobberDriver.a in Frameworks */,
			);
			runOnlyForDeploymentPostprocessing = 0;
		};
/* End PBXFrameworksBuildPhase section */

/* Begin PBXGroup section */
		00E356EF1AD99517003FC87E /* CobberDriverTests */ = {
			isa = PBXGroup;
			children = (
				00E356F21AD99517003FC87E /* CobberDriverTests.m */,
				00E356F01AD99517003FC87E /* Supporting Files */,
			);
			path = CobberDriverTests;
			sourceTree = "<group>";
		};
		00E356F01AD99517003FC87E /* Supporting Files */ = {
			isa = PBXGroup;
			children = (
				00E356F11AD99517003FC87E /* Info.plist */,
			);
			name = "Supporting Files";
			sourceTree = "<group>";
		};
		13B07FAE1A68108700A75B9A /* CobberDriver */ = {
			isa = PBXGroup;
			children = (
				13B07FAF1A68108700A75B9A /* AppDelegate.h */,
				13B07FB01A68108700A75B9A /* AppDelegate.mm */,
				13B07FB51A68108700A75B9A /* Images.xcassets */,
				13B07FB61A68108700A75B9A /* Info.plist */,
				81AB9BB72411601600AC10FF /* LaunchScreen.storyboard */,
				13B07FB71A68108700A75B9A /* main.m */,
			);
			name = CobberDriver;
			sourceTree = "<group>";
		};
		2D16E6871FA4F8E400B85C8A /* Frameworks */ = {
			isa = PBXGroup;
			children = (
				ED297162215061F000B7C4FE /* JavaScriptCore.framework */,
				5DCACB8F33CDC322A6C60F78 /* libPods-CobberDriver.a */,
				19F6CBCC0A4E27FBF8BF4A61 /* libPods-CobberDriver-CobberDriverTests.a */,
			);
			name = Frameworks;
			sourceTree = "<group>";
		};
		832341AE1AAA6A7D00B99B32 /* Libraries */ = {
			isa = PBXGroup;
			children = (
			);
			name = Libraries;
			sourceTree = "<group>";
		};
		83CBB9F61A601CBA00E9B192 = {
			isa = PBXGroup;
			children = (
				FA08A0AD291C2EFE000CEA81 /* Settings.bundle */,
				13B07FAE1A68108700A75B9A /* CobberDriver */,
				832341AE1AAA6A7D00B99B32 /* Libraries */,
				00E356EF1AD99517003FC87E /* CobberDriverTests */,
				83CBBA001A601CBA00E9B192 /* Products */,
				2D16E6871FA4F8E400B85C8A /* Frameworks */,
				BBD78D7AC51CEA395F1C20DB /* Pods */,
				8CE44F8CED6E4D4D8483D27C /* Resources */,
			);
			indentWidth = 2;
			sourceTree = "<group>";
			tabWidth = 2;
			usesTabs = 0;
		};
		83CBBA001A601CBA00E9B192 /* Products */ = {
			isa = PBXGroup;
			children = (
				13B07F961A680F5B00A75B9A /* CobberDriver.app */,
				00E356EE1AD99517003FC87E /* CobberDriverTests.xctest */,
			);
			name = Products;
			sourceTree = "<group>";
		};
		8CE44F8CED6E4D4D8483D27C /* Resources */ = {
			isa = PBXGroup;
			children = (
				8F60031B36B84580BD0B17A0 /* Nunito-Black.ttf */,
				EAEE1C06EC504B8A84C36053 /* Nunito-BlackItalic.ttf */,
				1DA7D96591DC4CE1B0898F5A /* Nunito-Bold.ttf */,
				91E28B42F65647B280237A55 /* Nunito-BoldItalic.ttf */,
				5736F2FE8B85471E86E4BF9C /* Nunito-ExtraBold.ttf */,
				8D4F114957844D3A91451F95 /* Nunito-ExtraBoldItalic.ttf */,
				5956B4BBD25C4110888AE9E8 /* Nunito-ExtraLight.ttf */,
				DC2F9E4545474A04A0D240D2 /* Nunito-ExtraLightItalic.ttf */,
				BF30F899E4294F29B4105DDF /* Nunito-Italic.ttf */,
				CB08CB63E1FE464388526F21 /* Nunito-Light.ttf */,
				1B04C4503E6C46D2A087D8CE /* Nunito-LightItalic.ttf */,
				1FDEF009EDCF48B8A74FC205 /* Nunito-Medium.ttf */,
				8CDE5068AD0A4CD3998A1A8C /* Nunito-MediumItalic.ttf */,
				1A95D9B06B8B457F95EA5791 /* Nunito-Regular.ttf */,
				9E578437DE2945EE89C196AB /* Nunito-SemiBold.ttf */,
				A33A0D5A44824D31AA9F8859 /* Nunito-SemiBoldItalic.ttf */,
				C8914A7BDE0E4506A526539A /* roboto_thin.ttf */,
				5B941404D32247AA8B8A2AFF /* AntDesign.ttf */,
				336669F9220B4A5BAD41CA9D /* Entypo.ttf */,
				99C761BF18274FE18B254D3A /* EvilIcons.ttf */,
				DDDC0ADC823C42258CA5CA42 /* Feather.ttf */,
				971E535AC63C43A98C1D76F4 /* FontAwesome.ttf */,
				2ACD6FF4E6674013ACAD56C1 /* FontAwesome5_Brands.ttf */,
				15BE72B698FF4922AE62EE9D /* FontAwesome5_Regular.ttf */,
				A0C0B7000DAC468F839AD24F /* FontAwesome5_Solid.ttf */,
				0F2EEEDC692048B5B697B91C /* Fontisto.ttf */,
				ED9A812D274148799A0EBA36 /* Foundation.ttf */,
				8BEA6BFDEFE246F5B0D41918 /* Ionicons.ttf */,
				2384540B8A304455A15B9549 /* MaterialCommunityIcons.ttf */,
				9FFB854D27334856B1E4FF7C /* MaterialIcons.ttf */,
				76AEA65C18F74550824CFABB /* Octicons.ttf */,
				3008ED97E459448498C830C4 /* Roboto_medium.ttf */,
				F570378121594E23912210AA /* Roboto.ttf */,
				69FF34190ED545708D365F0A /* rubicon-icon-font.ttf */,
				24453FEA063C471087400A96 /* SimpleLineIcons.ttf */,
				8552707615DD4E2091BCED91 /* Zocial.ttf */,
				D7C4F7E37D904CBAB29A18C4 /* Inter-Black.ttf */,
				3C41973579BD4ABE9104BE13 /* Inter-Bold.ttf */,
				66D2D7E664DB41DB9BF79CFF /* Inter-ExtraBold.ttf */,
				37F85D3D7D3E4F5289C704D8 /* Inter-ExtraLight.ttf */,
				30C9E8D2AC1B4D19885A4788 /* Inter-Light.ttf */,
				5A79AAC117FB4A058360FD67 /* Inter-Medium.ttf */,
				D282C2E44A8F4283A0631831 /* Inter-Regular.ttf */,
				B4A932BEC32C4BB8B76577EE /* Inter-SemiBold.ttf */,
				228A4A809EE445C5A55EEE30 /* Inter-Thin.ttf */,
				6AB6EC7F776E4C78B855A393 /* Poppins-Black.ttf */,
				8FED19882BBD4429B8E262DA /* Poppins-BlackItalic.ttf */,
				AC330371DD0B42F9B39885DA /* Poppins-Bold.ttf */,
				358E3EE2E805438A808CCB65 /* Poppins-BoldItalic.ttf */,
				832AC12337BE47F6B4AA9B8D /* Poppins-ExtraBold.ttf */,
				9B8A81554A3148B2A40543AB /* Poppins-ExtraBoldItalic.ttf */,
				57A9761FD676499AB8B5F1DD /* Poppins-ExtraLight.ttf */,
				B4911D202AE54E879A0EEFF1 /* Poppins-ExtraLightItalic.ttf */,
				F1558B26EA4F4C869A9A0F9D /* Poppins-Italic.ttf */,
				FCEA1B71C95A4A9DB8D126C0 /* Poppins-Light.ttf */,
				004FAD66CC2F45E58844A999 /* Poppins-LightItalic.ttf */,
				9C2758917E714A6D9FD212D2 /* Poppins-Medium.ttf */,
				106CE3A3A1E74A489BE18380 /* Poppins-MediumItalic.ttf */,
				03A9634C4DBE40A3B3D12F6F /* Poppins-Regular.ttf */,
				4564F56DA275460792DE6E9C /* Poppins-SemiBold.ttf */,
				B25C0781A98542B78948FEA0 /* Poppins-SemiBoldItalic.ttf */,
				FCA70A33B792461689123DDD /* Poppins-Thin.ttf */,
				4A5543F2CFED4102A8A6F0C1 /* Poppins-ThinItalic.ttf */,
				9975334AAF1546F3A5508F8E /* Sequel-45file1.ttf */,
				BE9A6FBB079246019BF5DA03 /* Sequel-45file2.ttf */,
				C8FCF9CFF3074F89930A30AC /* Sequel-55file1.ttf */,
				F843933374B947F19E19270A /* Sequel-55file2.ttf */,
				7FCEC01DF57246C2BB0FCFD8 /* Sequel-65file1.ttf */,
				EC7BF6211DAC46C695879625 /* Sequel-65file2.ttf */,
				FFC25FDB376D4424B7FE6926 /* Sequel100Wide-45.ttf */,
				15C155F765EE495FB1691DF0 /* Sequel100Wide-55.ttf */,
				EC4EAE036B664302BD0CE8F2 /* Sequel100Wide-65.ttf */,
			);
			name = Resources;
			sourceTree = "<group>";
		};
		BBD78D7AC51CEA395F1C20DB /* Pods */ = {
			isa = PBXGroup;
			children = (
				3B4392A12AC88292D35C810B /* Pods-CobberDriver.debug.xcconfig */,
				5709B34CF0A7D63546082F79 /* Pods-CobberDriver.release.xcconfig */,
				5B7EB9410499542E8C5724F5 /* Pods-CobberDriver-CobberDriverTests.debug.xcconfig */,
				89C6BE57DB24E9ADA2F236DE /* Pods-CobberDriver-CobberDriverTests.release.xcconfig */,
			);
			path = Pods;
			sourceTree = "<group>";
		};
/* End PBXGroup section */

/* Begin PBXNativeTarget section */
		00E356ED1AD99517003FC87E /* CobberDriverTests */ = {
			isa = PBXNativeTarget;
			buildConfigurationList = 00E357021AD99517003FC87E /* Build configuration list for PBXNativeTarget "CobberDriverTests" */;
			buildPhases = (
				A55EABD7B0C7F3A422A6CC61 /* [CP] Check Pods Manifest.lock */,
				00E356EA1AD99517003FC87E /* Sources */,
				00E356EB1AD99517003FC87E /* Frameworks */,
				00E356EC1AD99517003FC87E /* Resources */,
				C59DA0FBD6956966B86A3779 /* [CP] Embed Pods Frameworks */,
				F6A41C54EA430FDDC6A6ED99 /* [CP] Copy Pods Resources */,
			);
			buildRules = (
			);
			dependencies = (
				00E356F51AD99517003FC87E /* PBXTargetDependency */,
			);
			name = CobberDriverTests;
			productName = CobberDriverTests;
			productReference = 00E356EE1AD99517003FC87E /* CobberDriverTests.xctest */;
			productType = "com.apple.product-type.bundle.unit-test";
		};
		13B07F861A680F5B00A75B9A /* CobberDriver */ = {
			isa = PBXNativeTarget;
			buildConfigurationList = 13B07F931A680F5B00A75B9A /* Build configuration list for PBXNativeTarget "CobberDriver" */;
			buildPhases = (
				C38B50BA6285516D6DCD4F65 /* [CP] Check Pods Manifest.lock */,
				FD10A7F022414F080027D42C /* Start Packager */,
				13B07F871A680F5B00A75B9A /* Sources */,
				13B07F8C1A680F5B00A75B9A /* Frameworks */,
				13B07F8E1A680F5B00A75B9A /* Resources */,
				00DD1BFF1BD5951E006B06BC /* Bundle React Native code and images */,
				00EEFC60759A1932668264C0 /* [CP] Embed Pods Frameworks */,
				E235C05ADACE081382539298 /* [CP] Copy Pods Resources */,
			);
			buildRules = (
			);
			dependencies = (
			);
			name = CobberDriver;
			productName = CobberDriver;
			productReference = 13B07F961A680F5B00A75B9A /* CobberDriver.app */;
			productType = "com.apple.product-type.application";
		};
/* End PBXNativeTarget section */

/* Begin PBXProject section */
		83CBB9F71A601CBA00E9B192 /* Project object */ = {
			isa = PBXProject;
			attributes = {
				LastUpgradeCheck = 1210;
				TargetAttributes = {
					00E356ED1AD99517003FC87E = {
						CreatedOnToolsVersion = 6.2;
						TestTargetID = 13B07F861A680F5B00A75B9A;
					};
					13B07F861A680F5B00A75B9A = {
						LastSwiftMigration = 1120;
					};
				};
			};
			buildConfigurationList = 83CBB9FA1A601CBA00E9B192 /* Build configuration list for PBXProject "CobberDriver" */;
			compatibilityVersion = "Xcode 12.0";
			developmentRegion = en;
			hasScannedForEncodings = 0;
			knownRegions = (
				en,
				Base,
			);
			mainGroup = 83CBB9F61A601CBA00E9B192;
			productRefGroup = 83CBBA001A601CBA00E9B192 /* Products */;
			projectDirPath = "";
			projectRoot = "";
			targets = (
				13B07F861A680F5B00A75B9A /* CobberDriver */,
				00E356ED1AD99517003FC87E /* CobberDriverTests */,
			);
		};
/* End PBXProject section */

/* Begin PBXResourcesBuildPhase section */
		00E356EC1AD99517003FC87E /* Resources */ = {
			isa = PBXResourcesBuildPhase;
			buildActionMask = 2147483647;
			files = (
			);
			runOnlyForDeploymentPostprocessing = 0;
		};
		13B07F8E1A680F5B00A75B9A /* Resources */ = {
			isa = PBXResourcesBuildPhase;
			buildActionMask = 2147483647;
			files = (
				81AB9BB82411601600AC10FF /* LaunchScreen.storyboard in Resources */,
				13B07FBF1A68108700A75B9A /* Images.xcassets in Resources */,
				62DF106BAC6544C388A99D82 /* Nunito-Black.ttf in Resources */,
				3A0219DB108B4BED8F934840 /* Nunito-BlackItalic.ttf in Resources */,
				BC8CC7DA29144E269C659503 /* Nunito-Bold.ttf in Resources */,
				0E4CB710DF374E8080D2211F /* Nunito-BoldItalic.ttf in Resources */,
				D3380D0D51324AB0BCB9555C /* Nunito-ExtraBold.ttf in Resources */,
				360BBEFFEFCE4C739CC59BA5 /* Nunito-ExtraBoldItalic.ttf in Resources */,
				2C621E500F07437EB24A7C8C /* Nunito-ExtraLight.ttf in Resources */,
				CE31510DC9164FFD9B9ABD04 /* Nunito-ExtraLightItalic.ttf in Resources */,
				54337EB748EF4DF3B507CF74 /* Nunito-Italic.ttf in Resources */,
				21253FC21C314735AAAF491A /* Nunito-Light.ttf in Resources */,
				D26E8C71FDDD4803BE6F3CC2 /* Nunito-LightItalic.ttf in Resources */,
				DB6BD270EFBC4EFCAAF33B27 /* Nunito-Medium.ttf in Resources */,
				D762B9107E2B4F18A20727F3 /* Nunito-MediumItalic.ttf in Resources */,
				54AD3E347E704501B41223D3 /* Nunito-Regular.ttf in Resources */,
				999A3137CEED465DAFCA7524 /* Nunito-SemiBold.ttf in Resources */,
				A9EA7C5D2D9F489698246F3D /* Nunito-SemiBoldItalic.ttf in Resources */,
				6310CF5906C74CBEB8923ECC /* roboto_thin.ttf in Resources */,
				CEC357D784F343178112B433 /* Inter-Black.ttf in Resources */,
				85A2AFC80401452E96BAE16A /* Inter-Bold.ttf in Resources */,
				F64F04C09FF94F7690F5D956 /* Inter-ExtraBold.ttf in Resources */,
				919FEF9D204A461A998A076E /* Inter-ExtraLight.ttf in Resources */,
				A4AE657FFF3E4ACC80F25E7F /* Inter-Light.ttf in Resources */,
				3ED9C5A59CD44938A95346EA /* Inter-Medium.ttf in Resources */,
				BCD0A029764345328D51998D /* Inter-Regular.ttf in Resources */,
				4BAB0BB3F43B4A5896A50D46 /* Inter-SemiBold.ttf in Resources */,
				0BFEF3F1D9544B7CB148866C /* Inter-Thin.ttf in Resources */,
				68658639A94747A79FDB0A36 /* Poppins-Black.ttf in Resources */,
				AA7CEBFEAAB149E9B50D6F99 /* Poppins-BlackItalic.ttf in Resources */,
				D57CB53C66294F09A792F980 /* Poppins-Bold.ttf in Resources */,
				7D52AD2EED4C45D8853F9FD1 /* Poppins-BoldItalic.ttf in Resources */,
				7B806A7EB3F343BF9510F721 /* Poppins-ExtraBold.ttf in Resources */,
				6A8938E282744D47965F2EB1 /* Poppins-ExtraBoldItalic.ttf in Resources */,
				7DD39AEB00714CDAB614E5AC /* Poppins-ExtraLight.ttf in Resources */,
				AB27E76DB8A540AC82FEFDB0 /* Poppins-ExtraLightItalic.ttf in Resources */,
				C62A161259C24B05B488E4C1 /* Poppins-Italic.ttf in Resources */,
				6336D18CC4814596946D2FFB /* Poppins-Light.ttf in Resources */,
				0F4E469EAEC848238D4E571F /* Poppins-LightItalic.ttf in Resources */,
				418F1CB6EDDE4F9195AACE2F /* Poppins-Medium.ttf in Resources */,
				AE865D8825CE4D50B2BEE7CC /* Poppins-MediumItalic.ttf in Resources */,
				6141B57D6CC742C389D1D87B /* Poppins-Regular.ttf in Resources */,
				B3D58F223C564ADFA352C3D8 /* Poppins-SemiBold.ttf in Resources */,
				4F8DA9795A3D45F4AA3D39A1 /* Poppins-SemiBoldItalic.ttf in Resources */,
				45DA3EDF47A242089B4C6DC3 /* Poppins-Thin.ttf in Resources */,
				51EE981EF87349BAA9A66E63 /* Poppins-ThinItalic.ttf in Resources */,
				0E6AED8D78AE46FDBB852D1A /* Sequel-45file1.ttf in Resources */,
				78207CB8F9DE406EA925D460 /* Sequel-45file2.ttf in Resources */,
				FA08A0AE291C2EFE000CEA81 /* Settings.bundle in Resources */,
				759E7A657F154357BF36D6A0 /* Sequel-55file1.ttf in Resources */,
				E5ADA7D0F5584F58B1BF92DC /* Sequel-55file2.ttf in Resources */,
				AD7C68C1B49A4B20AC58D176 /* Sequel-65file1.ttf in Resources */,
				E0E345A7790641E6921E8DEF /* Sequel-65file2.ttf in Resources */,
				80E5B2C09459493CA36990CE /* Sequel100Wide-45.ttf in Resources */,
				2D74D12DE97C49AA8E89ACA7 /* Sequel100Wide-55.ttf in Resources */,
				984C9345C62C4F4FB208F3A9 /* Sequel100Wide-65.ttf in Resources */,
			);
			runOnlyForDeploymentPostprocessing = 0;
		};
/* End PBXResourcesBuildPhase section */

/* Begin PBXShellScriptBuildPhase section */
		00DD1BFF1BD5951E006B06BC /* Bundle React Native code and images */ = {
			isa = PBXShellScriptBuildPhase;
			buildActionMask = 2147483647;
			files = (
			);
			inputPaths = (
			);
			name = "Bundle React Native code and images";
			outputPaths = (
			);
			runOnlyForDeploymentPostprocessing = 0;
			shellPath = /bin/sh;
			shellScript = "set -e\n\nexport NODE_BINARY=node\n../node_modules/react-native/scripts/react-native-xcode.sh\n";
		};
		00EEFC60759A1932668264C0 /* [CP] Embed Pods Frameworks */ = {
			isa = PBXShellScriptBuildPhase;
			buildActionMask = 2147483647;
			files = (
			);
			inputFileListPaths = (
				"${PODS_ROOT}/Target Support Files/Pods-CobberDriver/Pods-CobberDriver-frameworks-${CONFIGURATION}-input-files.xcfilelist",
			);
			name = "[CP] Embed Pods Frameworks";
			outputFileListPaths = (
				"${PODS_ROOT}/Target Support Files/Pods-CobberDriver/Pods-CobberDriver-frameworks-${CONFIGURATION}-output-files.xcfilelist",
			);
			runOnlyForDeploymentPostprocessing = 0;
			shellPath = /bin/sh;
			shellScript = "\"${PODS_ROOT}/Target Support Files/Pods-CobberDriver/Pods-CobberDriver-frameworks.sh\"\n";
			showEnvVarsInLog = 0;
		};
		A55EABD7B0C7F3A422A6CC61 /* [CP] Check Pods Manifest.lock */ = {
			isa = PBXShellScriptBuildPhase;
			buildActionMask = 2147483647;
			files = (
			);
			inputFileListPaths = (
			);
			inputPaths = (
				"${PODS_PODFILE_DIR_PATH}/Podfile.lock",
				"${PODS_ROOT}/Manifest.lock",
			);
			name = "[CP] Check Pods Manifest.lock";
			outputFileListPaths = (
			);
			outputPaths = (
				"$(DERIVED_FILE_DIR)/Pods-CobberDriver-CobberDriverTests-checkManifestLockResult.txt",
			);
			runOnlyForDeploymentPostprocessing = 0;
			shellPath = /bin/sh;
			shellScript = "diff \"${PODS_PODFILE_DIR_PATH}/Podfile.lock\" \"${PODS_ROOT}/Manifest.lock\" > /dev/null\nif [ $? != 0 ] ; then\n    # print error to STDERR\n    echo \"error: The sandbox is not in sync with the Podfile.lock. Run 'pod install' or update your CocoaPods installation.\" >&2\n    exit 1\nfi\n# This output is used by Xcode 'outputs' to avoid re-running this script phase.\necho \"SUCCESS\" > \"${SCRIPT_OUTPUT_FILE_0}\"\n";
			showEnvVarsInLog = 0;
		};
		C38B50BA6285516D6DCD4F65 /* [CP] Check Pods Manifest.lock */ = {
			isa = PBXShellScriptBuildPhase;
			buildActionMask = 2147483647;
			files = (
			);
			inputFileListPaths = (
			);
			inputPaths = (
				"${PODS_PODFILE_DIR_PATH}/Podfile.lock",
				"${PODS_ROOT}/Manifest.lock",
			);
			name = "[CP] Check Pods Manifest.lock";
			outputFileListPaths = (
			);
			outputPaths = (
				"$(DERIVED_FILE_DIR)/Pods-CobberDriver-checkManifestLockResult.txt",
			);
			runOnlyForDeploymentPostprocessing = 0;
			shellPath = /bin/sh;
			shellScript = "diff \"${PODS_PODFILE_DIR_PATH}/Podfile.lock\" \"${PODS_ROOT}/Manifest.lock\" > /dev/null\nif [ $? != 0 ] ; then\n    # print error to STDERR\n    echo \"error: The sandbox is not in sync with the Podfile.lock. Run 'pod install' or update your CocoaPods installation.\" >&2\n    exit 1\nfi\n# This output is used by Xcode 'outputs' to avoid re-running this script phase.\necho \"SUCCESS\" > \"${SCRIPT_OUTPUT_FILE_0}\"\n";
			showEnvVarsInLog = 0;
		};
		C59DA0FBD6956966B86A3779 /* [CP] Embed Pods Frameworks */ = {
			isa = PBXShellScriptBuildPhase;
			buildActionMask = 2147483647;
			files = (
			);
			inputFileListPaths = (
				"${PODS_ROOT}/Target Support Files/Pods-CobberDriver-CobberDriverTests/Pods-CobberDriver-CobberDriverTests-frameworks-${CONFIGURATION}-input-files.xcfilelist",
			);
			name = "[CP] Embed Pods Frameworks";
			outputFileListPaths = (
				"${PODS_ROOT}/Target Support Files/Pods-CobberDriver-CobberDriverTests/Pods-CobberDriver-CobberDriverTests-frameworks-${CONFIGURATION}-output-files.xcfilelist",
			);
			runOnlyForDeploymentPostprocessing = 0;
			shellPath = /bin/sh;
			shellScript = "\"${PODS_ROOT}/Target Support Files/Pods-CobberDriver-CobberDriverTests/Pods-CobberDriver-CobberDriverTests-frameworks.sh\"\n";
			showEnvVarsInLog = 0;
		};
		E235C05ADACE081382539298 /* [CP] Copy Pods Resources */ = {
			isa = PBXShellScriptBuildPhase;
			buildActionMask = 2147483647;
			files = (
			);
			inputFileListPaths = (
				"${PODS_ROOT}/Target Support Files/Pods-CobberDriver/Pods-CobberDriver-resources-${CONFIGURATION}-input-files.xcfilelist",
			);
			name = "[CP] Copy Pods Resources";
			outputFileListPaths = (
				"${PODS_ROOT}/Target Support Files/Pods-CobberDriver/Pods-CobberDriver-resources-${CONFIGURATION}-output-files.xcfilelist",
			);
			runOnlyForDeploymentPostprocessing = 0;
			shellPath = /bin/sh;
			shellScript = "\"${PODS_ROOT}/Target Support Files/Pods-CobberDriver/Pods-CobberDriver-resources.sh\"\n";
			showEnvVarsInLog = 0;
		};
		F6A41C54EA430FDDC6A6ED99 /* [CP] Copy Pods Resources */ = {
			isa = PBXShellScriptBuildPhase;
			buildActionMask = 2147483647;
			files = (
			);
			inputFileListPaths = (
				"${PODS_ROOT}/Target Support Files/Pods-CobberDriver-CobberDriverTests/Pods-CobberDriver-CobberDriverTests-resources-${CONFIGURATION}-input-files.xcfilelist",
			);
			name = "[CP] Copy Pods Resources";
			outputFileListPaths = (
				"${PODS_ROOT}/Target Support Files/Pods-CobberDriver-CobberDriverTests/Pods-CobberDriver-CobberDriverTests-resources-${CONFIGURATION}-output-files.xcfilelist",
			);
			runOnlyForDeploymentPostprocessing = 0;
			shellPath = /bin/sh;
			shellScript = "\"${PODS_ROOT}/Target Support Files/Pods-CobberDriver-CobberDriverTests/Pods-CobberDriver-CobberDriverTests-resources.sh\"\n";
			showEnvVarsInLog = 0;
		};
		FD10A7F022414F080027D42C /* Start Packager */ = {
			isa = PBXShellScriptBuildPhase;
			buildActionMask = 2147483647;
			files = (
			);
			inputFileListPaths = (
			);
			inputPaths = (
			);
			name = "Start Packager";
			outputFileListPaths = (
			);
			outputPaths = (
			);
			runOnlyForDeploymentPostprocessing = 0;
			shellPath = /bin/sh;
			shellScript = "export RCT_METRO_PORT=\"${RCT_METRO_PORT:=8081}\"\necho \"export RCT_METRO_PORT=${RCT_METRO_PORT}\" > \"${SRCROOT}/../node_modules/react-native/scripts/.packager.env\"\nif [ -z \"${RCT_NO_LAUNCH_PACKAGER+xxx}\" ] ; then\n  if nc -w 5 -z localhost ${RCT_METRO_PORT} ; then\n    if ! curl -s \"http://localhost:${RCT_METRO_PORT}/status\" | grep -q \"packager-status:running\" ; then\n      echo \"Port ${RCT_METRO_PORT} already in use, packager is either not running or not running correctly\"\n      exit 2\n    fi\n  else\n    open \"$SRCROOT/../node_modules/react-native/scripts/launchPackager.command\" || echo \"Can't start packager automatically\"\n  fi\nfi\n";
			showEnvVarsInLog = 0;
		};
/* End PBXShellScriptBuildPhase section */

/* Begin PBXSourcesBuildPhase section */
		00E356EA1AD99517003FC87E /* Sources */ = {
			isa = PBXSourcesBuildPhase;
			buildActionMask = 2147483647;
			files = (
				00E356F31AD99517003FC87E /* CobberDriverTests.m in Sources */,
			);
			runOnlyForDeploymentPostprocessing = 0;
		};
		13B07F871A680F5B00A75B9A /* Sources */ = {
			isa = PBXSourcesBuildPhase;
			buildActionMask = 2147483647;
			files = (
				13B07FBC1A68108700A75B9A /* AppDelegate.mm in Sources */,
				13B07FC11A68108700A75B9A /* main.m in Sources */,
			);
			runOnlyForDeploymentPostprocessing = 0;
		};
/* End PBXSourcesBuildPhase section */

/* Begin PBXTargetDependency section */
		00E356F51AD99517003FC87E /* PBXTargetDependency */ = {
			isa = PBXTargetDependency;
			target = 13B07F861A680F5B00A75B9A /* CobberDriver */;
			targetProxy = 00E356F41AD99517003FC87E /* PBXContainerItemProxy */;
		};
/* End PBXTargetDependency section */

/* Begin XCBuildConfiguration section */
		00E356F61AD99517003FC87E /* Debug */ = {
			isa = XCBuildConfiguration;
			baseConfigurationReference = 5B7EB9410499542E8C5724F5 /* Pods-CobberDriver-CobberDriverTests.debug.xcconfig */;
			buildSettings = {
				BUNDLE_LOADER = "$(TEST_HOST)";
				GCC_PREPROCESSOR_DEFINITIONS = (
					"DEBUG=1",
					"$(inherited)",
				);
				INFOPLIST_FILE = CobberDriverTests/Info.plist;
				IPHONEOS_DEPLOYMENT_TARGET = 11.0;
				LD_RUNPATH_SEARCH_PATHS = (
					"$(inherited)",
					"@executable_path/Frameworks",
					"@loader_path/Frameworks",
				);
				OTHER_LDFLAGS = (
					"-ObjC",
					"-lc++",
					"$(inherited)",
				);
				PRODUCT_BUNDLE_IDENTIFIER = "org.reactjs.native.example.$(PRODUCT_NAME:rfc1034identifier)";
				PRODUCT_NAME = "$(TARGET_NAME)";
				TEST_HOST = "$(BUILT_PRODUCTS_DIR)/CobberDriver.app/CobberDriver";
			};
			name = Debug;
		};
		00E356F71AD99517003FC87E /* Release */ = {
			isa = XCBuildConfiguration;
			baseConfigurationReference = 89C6BE57DB24E9ADA2F236DE /* Pods-CobberDriver-CobberDriverTests.release.xcconfig */;
			buildSettings = {
				BUNDLE_LOADER = "$(TEST_HOST)";
				COPY_PHASE_STRIP = NO;
				INFOPLIST_FILE = CobberDriverTests/Info.plist;
				IPHONEOS_DEPLOYMENT_TARGET = 11.0;
				LD_RUNPATH_SEARCH_PATHS = (
					"$(inherited)",
					"@executable_path/Frameworks",
					"@loader_path/Frameworks",
				);
				OTHER_LDFLAGS = (
					"-ObjC",
					"-lc++",
					"$(inherited)",
				);
				PRODUCT_BUNDLE_IDENTIFIER = "org.reactjs.native.example.$(PRODUCT_NAME:rfc1034identifier)";
				PRODUCT_NAME = "$(TARGET_NAME)";
				TEST_HOST = "$(BUILT_PRODUCTS_DIR)/CobberDriver.app/CobberDriver";
			};
			name = Release;
		};
		13B07F941A680F5B00A75B9A /* Debug */ = {
			isa = XCBuildConfiguration;
			baseConfigurationReference = 3B4392A12AC88292D35C810B /* Pods-CobberDriver.debug.xcconfig */;
			buildSettings = {
				ASSETCATALOG_COMPILER_APPICON_NAME = AppIcon;
				CLANG_ENABLE_MODULES = YES;
				CURRENT_PROJECT_VERSION = 1;
				ENABLE_BITCODE = NO;
				INFOPLIST_FILE = CobberDriver/Info.plist;
				LD_RUNPATH_SEARCH_PATHS = (
					"$(inherited)",
					"@executable_path/Frameworks",
				);
				OTHER_LDFLAGS = (
					"$(inherited)",
					"-ObjC",
					"-lc++",
				);
				PRODUCT_BUNDLE_IDENTIFIER = "org.reactjs.native.example.$(PRODUCT_NAME:rfc1034identifier)";
				PRODUCT_NAME = CobberDriver;
				SWIFT_OPTIMIZATION_LEVEL = "-Onone";
				SWIFT_VERSION = 5.0;
				TARGETED_DEVICE_FAMILY = "1,2";
				VERSIONING_SYSTEM = "apple-generic";
			};
			name = Debug;
		};
		13B07F951A680F5B00A75B9A /* Release */ = {
			isa = XCBuildConfiguration;
			baseConfigurationReference = 5709B34CF0A7D63546082F79 /* Pods-CobberDriver.release.xcconfig */;
			buildSettings = {
				ASSETCATALOG_COMPILER_APPICON_NAME = AppIcon;
				CLANG_ENABLE_MODULES = YES;
				CURRENT_PROJECT_VERSION = 1;
				INFOPLIST_FILE = CobberDriver/Info.plist;
				LD_RUNPATH_SEARCH_PATHS = (
					"$(inherited)",
					"@executable_path/Frameworks",
				);
				OTHER_LDFLAGS = (
					"$(inherited)",
					"-ObjC",
					"-lc++",
				);
				PRODUCT_BUNDLE_IDENTIFIER = "org.reactjs.native.example.$(PRODUCT_NAME:rfc1034identifier)";
				PRODUCT_NAME = CobberDriver;
				SWIFT_VERSION = 5.0;
				TARGETED_DEVICE_FAMILY = "1,2";
				VERSIONING_SYSTEM = "apple-generic";
			};
			name = Release;
		};
		83CBBA201A601CBA00E9B192 /* Debug */ = {
			isa = XCBuildConfiguration;
			buildSettings = {
				ALWAYS_SEARCH_USER_PATHS = NO;
				CLANG_ANALYZER_LOCALIZABILITY_NONLOCALIZED = YES;
				CLANG_CXX_LANGUAGE_STANDARD = "c++17";
				CLANG_CXX_LIBRARY = "libc++";
				CLANG_ENABLE_MODULES = YES;
				CLANG_ENABLE_OBJC_ARC = YES;
				CLANG_WARN_BLOCK_CAPTURE_AUTORELEASING = YES;
				CLANG_WARN_BOOL_CONVERSION = YES;
				CLANG_WARN_COMMA = YES;
				CLANG_WARN_CONSTANT_CONVERSION = YES;
				CLANG_WARN_DEPRECATED_OBJC_IMPLEMENTATIONS = YES;
				CLANG_WARN_DIRECT_OBJC_ISA_USAGE = YES_ERROR;
				CLANG_WARN_EMPTY_BODY = YES;
				CLANG_WARN_ENUM_CONVERSION = YES;
				CLANG_WARN_INFINITE_RECURSION = YES;
				CLANG_WARN_INT_CONVERSION = YES;
				CLANG_WARN_NON_LITERAL_NULL_CONVERSION = YES;
				CLANG_WARN_OBJC_IMPLICIT_RETAIN_SELF = YES;
				CLANG_WARN_OBJC_LITERAL_CONVERSION = YES;
				CLANG_WARN_OBJC_ROOT_CLASS = YES_ERROR;
				CLANG_WARN_QUOTED_INCLUDE_IN_FRAMEWORK_HEADER = YES;
				CLANG_WARN_RANGE_LOOP_ANALYSIS = YES;
				CLANG_WARN_STRICT_PROTOTYPES = YES;
				CLANG_WARN_SUSPICIOUS_MOVE = YES;
				CLANG_WARN_UNREACHABLE_CODE = YES;
				CLANG_WARN__DUPLICATE_METHOD_MATCH = YES;
				"CODE_SIGN_IDENTITY[sdk=iphoneos*]" = "iPhone Developer";
				COPY_PHASE_STRIP = NO;
				ENABLE_STRICT_OBJC_MSGSEND = YES;
				ENABLE_TESTABILITY = YES;
				"EXCLUDED_ARCHS[sdk=iphonesimulator*]" = "";
				GCC_C_LANGUAGE_STANDARD = gnu99;
				GCC_DYNAMIC_NO_PIC = NO;
				GCC_NO_COMMON_BLOCKS = YES;
				GCC_OPTIMIZATION_LEVEL = 0;
				GCC_PREPROCESSOR_DEFINITIONS = (
					"DEBUG=1",
					"$(inherited)",
				);
				GCC_SYMBOLS_PRIVATE_EXTERN = NO;
				GCC_WARN_64_TO_32_BIT_CONVERSION = YES;
				GCC_WARN_ABOUT_RETURN_TYPE = YES_ERROR;
				GCC_WARN_UNDECLARED_SELECTOR = YES;
				GCC_WARN_UNINITIALIZED_AUTOS = YES_AGGRESSIVE;
				GCC_WARN_UNUSED_FUNCTION = YES;
				GCC_WARN_UNUSED_VARIABLE = YES;
				IPHONEOS_DEPLOYMENT_TARGET = 11.0;
				LD_RUNPATH_SEARCH_PATHS = (
					/usr/lib/swift,
					"$(inherited)",
				);
				LIBRARY_SEARCH_PATHS = (
					"\"$(SDKROOT)/usr/lib/swift\"",
					"\"$(TOOLCHAIN_DIR)/usr/lib/swift/$(PLATFORM_NAME)\"",
					"\"$(inherited)\"",
				);
				MTL_ENABLE_DEBUG_INFO = YES;
				ONLY_ACTIVE_ARCH = YES;
				OTHER_CPLUSPLUSFLAGS = (
					"$(OTHER_CFLAGS)",
					"-DFOLLY_NO_CONFIG",
					"-DFOLLY_MOBILE=1",
					"-DFOLLY_USE_LIBCPP=1",
				);
				SDKROOT = iphoneos;
			};
			name = Debug;
		};
		83CBBA211A601CBA00E9B192 /* Release */ = {
			isa = XCBuildConfiguration;
			buildSettings = {
				ALWAYS_SEARCH_USER_PATHS = NO;
				CLANG_ANALYZER_LOCALIZABILITY_NONLOCALIZED = YES;
				CLANG_CXX_LANGUAGE_STANDARD = "c++17";
				CLANG_CXX_LIBRARY = "libc++";
				CLANG_ENABLE_MODULES = YES;
				CLANG_ENABLE_OBJC_ARC = YES;
				CLANG_WARN_BLOCK_CAPTURE_AUTORELEASING = YES;
				CLANG_WARN_BOOL_CONVERSION = YES;
				CLANG_WARN_COMMA = YES;
				CLANG_WARN_CONSTANT_CONVERSION = YES;
				CLANG_WARN_DEPRECATED_OBJC_IMPLEMENTATIONS = YES;
				CLANG_WARN_DIRECT_OBJC_ISA_USAGE = YES_ERROR;
				CLANG_WARN_EMPTY_BODY = YES;
				CLANG_WARN_ENUM_CONVERSION = YES;
				CLANG_WARN_INFINITE_RECURSION = YES;
				CLANG_WARN_INT_CONVERSION = YES;
				CLANG_WARN_NON_LITERAL_NULL_CONVERSION = YES;
				CLANG_WARN_OBJC_IMPLICIT_RETAIN_SELF = YES;
				CLANG_WARN_OBJC_LITERAL_CONVERSION = YES;
				CLANG_WARN_OBJC_ROOT_CLASS = YES_ERROR;
				CLANG_WARN_QUOTED_INCLUDE_IN_FRAMEWORK_HEADER = YES;
				CLANG_WARN_RANGE_LOOP_ANALYSIS = YES;
				CLANG_WARN_STRICT_PROTOTYPES = YES;
				CLANG_WARN_SUSPICIOUS_MOVE = YES;
				CLANG_WARN_UNREACHABLE_CODE = YES;
				CLANG_WARN__DUPLICATE_METHOD_MATCH = YES;
				"CODE_SIGN_IDENTITY[sdk=iphoneos*]" = "iPhone Developer";
				COPY_PHASE_STRIP = YES;
				ENABLE_NS_ASSERTIONS = NO;
				ENABLE_STRICT_OBJC_MSGSEND = YES;
				"EXCLUDED_ARCHS[sdk=iphonesimulator*]" = "";
				GCC_C_LANGUAGE_STANDARD = gnu99;
				GCC_NO_COMMON_BLOCKS = YES;
				GCC_WARN_64_TO_32_BIT_CONVERSION = YES;
				GCC_WARN_ABOUT_RETURN_TYPE = YES_ERROR;
				GCC_WARN_UNDECLARED_SELECTOR = YES;
				GCC_WARN_UNINITIALIZED_AUTOS = YES_AGGRESSIVE;
				GCC_WARN_UNUSED_FUNCTION = YES;
				GCC_WARN_UNUSED_VARIABLE = YES;
				IPHONEOS_DEPLOYMENT_TARGET = 11.0;
				LD_RUNPATH_SEARCH_PATHS = (
					/usr/lib/swift,
					"$(inherited)",
				);
				LIBRARY_SEARCH_PATHS = (
					"\"$(SDKROOT)/usr/lib/swift\"",
					"\"$(TOOLCHAIN_DIR)/usr/lib/swift/$(PLATFORM_NAME)\"",
					"\"$(inherited)\"",
				);
				MTL_ENABLE_DEBUG_INFO = NO;
				OTHER_CPLUSPLUSFLAGS = (
					"$(OTHER_CFLAGS)",
					"-DFOLLY_NO_CONFIG",
					"-DFOLLY_MOBILE=1",
					"-DFOLLY_USE_LIBCPP=1",
				);
				SDKROOT = iphoneos;
				VALIDATE_PRODUCT = YES;
			};
			name = Release;
		};
/* End XCBuildConfiguration section */

/* Begin XCConfigurationList section */
		00E357021AD99517003FC87E /* Build configuration list for PBXNativeTarget "CobberDriverTests" */ = {
			isa = XCConfigurationList;
			buildConfigurations = (
				00E356F61AD99517003FC87E /* Debug */,
				00E356F71AD99517003FC87E /* Release */,
			);
			defaultConfigurationIsVisible = 0;
			defaultConfigurationName = Release;
		};
		13B07F931A680F5B00A75B9A /* Build configuration list for PBXNativeTarget "CobberDriver" */ = {
			isa = XCConfigurationList;
			buildConfigurations = (
				13B07F941A680F5B00A75B9A /* Debug */,
				13B07F951A680F5B00A75B9A /* Release */,
			);
			defaultConfigurationIsVisible = 0;
			defaultConfigurationName = Release;
		};
		83CBB9FA1A601CBA00E9B192 /* Build configuration list for PBXProject "CobberDriver" */ = {
			isa = XCConfigurationList;
			buildConfigurations = (
				83CBBA201A601CBA00E9B192 /* Debug */,
				83CBBA211A601CBA00E9B192 /* Release */,
			);
			defaultConfigurationIsVisible = 0;
			defaultConfigurationName = Release;
		};
/* End XCConfigurationList section */
	};
	rootObject = 83CBB9F71A601CBA00E9B192 /* Project object */;
}
